
Microsoft Visual Studio Solution File, Format Version 12.00
# Visual Studio Version 16
VisualStudioVersion = 16.0.31911.196
MinimumVisualStudioVersion = 10.0.40219.1
Project("{FAE04EC0-301F-11D3-BF4B-00C04F79EFBC}") = "LiteWeatherApp.Android", "LiteWeatherApp\LiteWeatherApp.Android\LiteWeatherApp.Android.csproj", "{9DFF2ABD-5D84-46FF-AA1C-9256FD4FF541}"
EndProject
Project("{FAE04EC0-301F-11D3-BF4B-00C04F79EFBC}") = "LiteWeatherApp", "LiteWeatherApp\LiteWeatherApp\LiteWeatherApp.csproj", "{CEDC1B2E-C838-41DC-9024-7060B931881E}"
EndProject
Global
	GlobalSection(SolutionConfigurationPlatforms) = preSolution
		Debug|Any CPU = Debug|Any CPU
		Release|Any CPU = Release|Any CPU
	EndGlobalSection
	GlobalSection(ProjectConfigurationPlatforms) = postSolution
		{9DFF2ABD-5D84-46FF-AA1C-9256FD4FF541}.Debug|Any CPU.ActiveCfg = Debug|Any CPU
		{9DFF2ABD-5D84-46FF-AA1C-9256FD4FF541}.Debug|Any CPU.Build.0 = Debug|Any CPU
		{9DFF2ABD-5D84-46FF-AA1C-9256FD4FF541}.Debug|Any CPU.Deploy.0 = Debug|Any CPU
		{9DFF2ABD-5D84-46FF-AA1C-9256FD4FF541}.Release|Any CPU.ActiveCfg = Release|Any CPU
		{9DFF2ABD-5D84-46FF-AA1C-9256FD4FF541}.Release|Any CPU.Build.0 = Release|Any CPU
		{9DFF2ABD-5D84-46FF-AA1C-9256FD4FF541}.Release|Any CPU.Deploy.0 = Release|Any CPU
		{CEDC1B2E-C838-41DC-9024-7060B931881E}.Debug|Any CPU.ActiveCfg = Debug|Any CPU
		{CEDC1B2E-C838-41DC-9024-7060B931881E}.Debug|Any CPU.Build.0 = Debug|Any CPU
		{CEDC1B2E-C838-41DC-9024-7060B931881E}.Debug|Any CPU.Deploy.0 = Debug|Any CPU
		{CEDC1B2E-C838-41DC-9024-7060B931881E}.Release|Any CPU.ActiveCfg = Release|Any CPU
		{CEDC1B2E-C838-41DC-9024-7060B931881E}.Release|Any CPU.Build.0 = Release|Any CPU
		{CEDC1B2E-C838-41DC-9024-7060B931881E}.Release|Any CPU.Deploy.0 = Release|Any CPU
	EndGlobalSection
	GlobalSection(SolutionProperties) = preSolution
		HideSolutionNode = FALSE
	EndGlobalSection
	GlobalSection(ExtensibilityGlobals) = postSolution
		SolutionGuid = {F56A3CE7-D52D-4AC1-B22E-645E81D879BE}
	EndGlobalSection
EndGlobal
